
Microsoft Visual Studio Solution File, Format Version 12.00
# Visual Studio Version 17
VisualStudioVersion = 17.5.002.0
MinimumVisualStudioVersion = 10.0.40219.1
Project("{9A19103F-16F7-4668-BE54-9A1E7A4F7556}") = "Sork", "Sork.csproj", "{191D2545-F05A-4AAA-8307-E600463622B3}"
EndProject
Global
	GlobalSection(SolutionConfigurationPlatforms) = preSolution
		Debug|Any CPU = Debug|Any CPU
		Release|Any CPU = Release|Any CPU
	EndGlobalSection
	GlobalSection(ProjectConfigurationPlatforms) = postSolution
		{191D2545-F05A-4AAA-8307-E600463622B3}.Debug|Any CPU.ActiveCfg = Debug|Any CPU
		{191D2545-F05A-4AAA-8307-E600463622B3}.Debug|Any CPU.Build.0 = Debug|Any CPU
		{191D2545-F05A-4AAA-8307-E600463622B3}.Release|Any CPU.ActiveCfg = Release|Any CPU
		{191D2545-F05A-4AAA-8307-E600463622B3}.Release|Any CPU.Build.0 = Release|Any CPU
	EndGlobalSection
	GlobalSection(SolutionProperties) = preSolution
		HideSolutionNode = FALSE
	EndGlobalSection
	GlobalSection(ExtensibilityGlobals) = postSolution
		SolutionGuid = {8F638D5A-242B-4CD5-8659-F949431A78A2}
	EndGlobalSection
EndGlobal
